github.com/progrium/go-shell v0.0.0-20181023041501-104b11941186 h1:MhWIYlyv3SL+7kBBp1R/sPqLNKoWa5BSuMzy5FVkLTU=
github.com/progrium/go-shell v0.0.0-20181023041501-104b11941186/go.mod h1:8ElsifciDrOoyOeBTsa7GpKzmxWo0AtZ/5mjoNxzKnQ=
github.com/thatisuday/clapper v1.0.10 h1:1EkqE/nb4npp8DuTKnpvVzO/Mcac9lOPND34uUKF+bU=
github.com/thatisuday/clapper v1.0.10/go.mod h1:FQGIg8q2uzeI+3SUS82YKF4E3KexkHStbiK4qTfDknM=
github.com/thatisuday/commando v1.0.4 h1:aNdH9tvmx2EPG6rT3NTQOV/qFYPf4Ap4Spo+q+n9Ois=
github.com/thatisuday/commando v1.0.4/go.mod h1:ODGz6jwJs4QqhLJtCjRRs8xIrmLLMdatYYddP+v1b4E=
